
Microsoft Visual Studio Solution File, Format Version 12.00
# Visual Studio Version 17
VisualStudioVersion = 17.3.32825.248
MinimumVisualStudioVersion = 10.0.40219.1
Project("{9A19103F-16F7-4668-BE54-9A1E7A4F7556}") = "Week6", "Week6\Week6.csproj", "{EC9CAEDB-93E7-4C81-88C2-B056EC16163E}"
EndProject
Project("{FAE04EC0-301F-11D3-BF4B-00C04F79EFBC}") = "Arrays", "Arrays\Arrays.csproj", "{3307050B-7E75-47AE-8F70-8D4F3AAAD18E}"
EndProject
Project("{FAE04EC0-301F-11D3-BF4B-00C04F79EFBC}") = "NumberArrays", "NumberArrays\NumberArrays.csproj", "{EA5176F1-351E-4B0D-B70D-5F4CFADDF65B}"
EndProject
Global
	GlobalSection(SolutionConfigurationPlatforms) = preSolution
		Debug|Any CPU = Debug|Any CPU
		Release|Any CPU = Release|Any CPU
	EndGlobalSection
	GlobalSection(ProjectConfigurationPlatforms) = postSolution
		{EC9CAEDB-93E7-4C81-88C2-B056EC16163E}.Debug|Any CPU.ActiveCfg = Debug|Any CPU
		{EC9CAEDB-93E7-4C81-88C2-B056EC16163E}.Debug|Any CPU.Build.0 = Debug|Any CPU
		{EC9CAEDB-93E7-4C81-88C2-B056EC16163E}.Release|Any CPU.ActiveCfg = Release|Any CPU
		{EC9CAEDB-93E7-4C81-88C2-B056EC16163E}.Release|Any CPU.Build.0 = Release|Any CPU
		{3307050B-7E75-47AE-8F70-8D4F3AAAD18E}.Debug|Any CPU.ActiveCfg = Debug|Any CPU
		{3307050B-7E75-47AE-8F70-8D4F3AAAD18E}.Debug|Any CPU.Build.0 = Debug|Any CPU
		{3307050B-7E75-47AE-8F70-8D4F3AAAD18E}.Release|Any CPU.ActiveCfg = Release|Any CPU
		{3307050B-7E75-47AE-8F70-8D4F3AAAD18E}.Release|Any CPU.Build.0 = Release|Any CPU
		{EA5176F1-351E-4B0D-B70D-5F4CFADDF65B}.Debug|Any CPU.ActiveCfg = Debug|Any CPU
		{EA5176F1-351E-4B0D-B70D-5F4CFADDF65B}.Debug|Any CPU.Build.0 = Debug|Any CPU
		{EA5176F1-351E-4B0D-B70D-5F4CFADDF65B}.Release|Any CPU.ActiveCfg = Release|Any CPU
		{EA5176F1-351E-4B0D-B70D-5F4CFADDF65B}.Release|Any CPU.Build.0 = Release|Any CPU
	EndGlobalSection
	GlobalSection(SolutionProperties) = preSolution
		HideSolutionNode = FALSE
	EndGlobalSection
	GlobalSection(ExtensibilityGlobals) = postSolution
		SolutionGuid = {BFEFA516-2DE6-4388-B292-DBD5212E642A}
	EndGlobalSection
EndGlobal
